{
  "name": "name-generator-node-action",
  "version": "1.0.0",
  "lockfileVersion": 1,
  "requires": true,
  "dependencies": {
    "@actions/core": {
      "version": "1.2.4",
      "resolved": "https://registry.npmjs.org/@actions/core/-/core-1.2.4.tgz",
      "integrity": "sha512-YJCEq8BE3CdN8+7HPZ/4DxJjk/OkZV2FFIf+DlZTC/4iBlzYCD5yjRR6eiOS5llO11zbRltIRuKAjMKaWTE6cg=="
    },
    "unique-names-generator": {
      "version": "4.2.0",
      "resolved": "https://registry.npmjs.org/unique-names-generator/-/unique-names-generator-4.2.0.tgz",
      "integrity": "sha512-MaNgUy/U7jeIMr5n8tdYXFi5IJ9DVo3nc90Z0QDnbYmO0F/H3Swjb8H/bkHRQYBCNveBNU6rq90metcmxVdO6Q=="
    }
  }
}
